
Microsoft Visual Studio Solution File, Format Version 12.00
# Visual Studio 2013
VisualStudioVersion = 12.0.30723.0
MinimumVisualStudioVersion = 10.0.40219.1
Project("{8BC9CEB8-8B4A-11D0-8D11-00A0C91BC942}") = "AppJailLauncher", "AppJailLauncher\AppJailLauncher.vcxproj", "{90152BAA-FD21-42B6-B7D9-AF95E4B2E5A7}"
EndProject
Project("{8BC9CEB8-8B4A-11D0-8D11-00A0C91BC942}") = "JailUnitTest", "JailUnitTest\JailUnitTest.vcxproj", "{885EE5EA-23F6-494A-B017-6C277E32F302}"
EndProject
Global
	GlobalSection(SolutionConfigurationPlatforms) = preSolution
		Debug|Win32 = Debug|Win32
		Release|Win32 = Release|Win32
	EndGlobalSection
	GlobalSection(ProjectConfigurationPlatforms) = postSolution
		{90152BAA-FD21-42B6-B7D9-AF95E4B2E5A7}.Debug|Win32.ActiveCfg = Debug|Win32
		{90152BAA-FD21-42B6-B7D9-AF95E4B2E5A7}.Debug|Win32.Build.0 = Debug|Win32
		{90152BAA-FD21-42B6-B7D9-AF95E4B2E5A7}.Release|Win32.ActiveCfg = Release|Win32
		{90152BAA-FD21-42B6-B7D9-AF95E4B2E5A7}.Release|Win32.Build.0 = Release|Win32
		{885EE5EA-23F6-494A-B017-6C277E32F302}.Debug|Win32.ActiveCfg = Debug|Win32
		{885EE5EA-23F6-494A-B017-6C277E32F302}.Debug|Win32.Build.0 = Debug|Win32
		{885EE5EA-23F6-494A-B017-6C277E32F302}.Release|Win32.ActiveCfg = Release|Win32
		{885EE5EA-23F6-494A-B017-6C277E32F302}.Release|Win32.Build.0 = Release|Win32
	EndGlobalSection
	GlobalSection(SolutionProperties) = preSolution
		HideSolutionNode = FALSE
	EndGlobalSection
EndGlobal
